// !$*UTF8*$!
{
	archiveVersion = 1;
	classes = {
	};
	objectVersion = 77;
	objects = {

/* Begin PBXContainerItemProxy section */
		3171454B2D0B5D6A00CB631D /* PBXContainerItemProxy */ = {
			isa = PBXContainerItemProxy;
			containerPortal = 317145322D0B5D6900CB631D /* Project object */;
			proxyType = 1;
			remoteGlobalIDString = 317145392D0B5D6900CB631D;
			remoteInfo = "Harmonic vibes";
		};
		317145552D0B5D6A00CB631D /* PBXContainerItemProxy */ = {
			isa = PBXContainerItemProxy;
			containerPortal = 317145322D0B5D6900CB631D /* Project object */;
			proxyType = 1;
			remoteGlobalIDString = 317145392D0B5D6900CB631D;
			remoteInfo = "Harmonic vibes";
		};
/* End PBXContainerItemProxy section */

/* Begin PBXFileReference section */
		3171453A2D0B5D6900CB631D /* Harmonic vibes.app */ = {isa = PBXFileReference; explicitFileType = wrapper.application; includeInIndex = 0; path = "Harmonic vibes.app"; sourceTree = BUILT_PRODUCTS_DIR; };
		3171454A2D0B5D6A00CB631D /* Harmonic vibesTests.xctest */ = {isa = PBXFileReference; explicitFileType = wrapper.cfbundle; includeInIndex = 0; path = "Harmonic vibesTests.xctest"; sourceTree = BUILT_PRODUCTS_DIR; };
		317145542D0B5D6A00CB631D /* Harmonic vibesUITests.xctest */ = {isa = PBXFileReference; explicitFileType = wrapper.cfbundle; includeInIndex = 0; path = "Harmonic vibesUITests.xctest"; sourceTree = BUILT_PRODUCTS_DIR; };
/* End PBXFileReference section */

/* Begin PBXFileSystemSynchronizedRootGroup section */
		3171453C2D0B5D6900CB631D /* Harmonic vibes */ = {
			isa = PBXFileSystemSynchronizedRootGroup;
			path = "Harmonic vibes";
			sourceTree = "<group>";
		};
		3171454D2D0B5D6A00CB631D /* Harmonic vibesTests */ = {
			isa = PBXFileSystemSynchronizedRootGroup;
			path = "Harmonic vibesTests";
			sourceTree = "<group>";
		};
		317145572D0B5D6A00CB631D /* Harmonic vibesUITests */ = {
			isa = PBXFileSystemSynchronizedRootGroup;
			path = "Harmonic vibesUITests";
			sourceTree = "<group>";
		};
/* End PBXFileSystemSynchronizedRootGroup section */

/* Begin PBXFrameworksBuildPhase section */
		317145372D0B5D6900CB631D /* Frameworks */ = {
			isa = PBXFrameworksBuildPhase;
			buildActionMask = 2147483647;
			files = (
			);
			runOnlyForDeploymentPostprocessing = 0;
		};
		317145472D0B5D6A00CB631D /* Frameworks */ = {
			isa = PBXFrameworksBuildPhase;
			buildActionMask = 2147483647;
			files = (
			);
			runOnlyForDeploymentPostprocessing = 0;
		};
		317145512D0B5D6A00CB631D /* Frameworks */ = {
			isa = PBXFrameworksBuildPhase;
			buildActionMask = 2147483647;
			files = (
			);
			runOnlyForDeploymentPostprocessing = 0;
		};
/* End PBXFrameworksBuildPhase section */

/* Begin PBXGroup section */
		317145312D0B5D6900CB631D = {
			isa = PBXGroup;
			children = (
				3171453C2D0B5D6900CB631D /* Harmonic vibes */,
				3171454D2D0B5D6A00CB631D /* Harmonic vibesTests */,
				317145572D0B5D6A00CB631D /* Harmonic vibesUITests */,
				3171453B2D0B5D6900CB631D /* Products */,
			);
			sourceTree = "<group>";
		};
		3171453B2D0B5D6900CB631D /* Products */ = {
			isa = PBXGroup;
			children = (
				3171453A2D0B5D6900CB631D /* Harmonic vibes.app */,
				3171454A2D0B5D6A00CB631D /* Harmonic vibesTests.xctest */,
				317145542D0B5D6A00CB631D /* Harmonic vibesUITests.xctest */,
			);
			name = Products;
			sourceTree = "<group>";
		};
/* End PBXGroup section */

/* Begin PBXNativeTarget section */
		317145392D0B5D6900CB631D /* Harmonic vibes */ = {
			isa = PBXNativeTarget;
			buildConfigurationList = 3171455E2D0B5D6A00CB631D /* Build configuration list for PBXNativeTarget "Harmonic vibes" */;
			buildPhases = (
				317145362D0B5D6900CB631D /* Sources */,
				317145372D0B5D6900CB631D /* Frameworks */,
				317145382D0B5D6900CB631D /* Resources */,
			);
			buildRules = (
			);
			dependencies = (
			);
			fileSystemSynchronizedGroups = (
				3171453C2D0B5D6900CB631D /* Harmonic vibes */,
			);
			name = "Harmonic vibes";
			packageProductDependencies = (
			);
			productName = "Harmonic vibes";
			productReference = 3171453A2D0B5D6900CB631D /* Harmonic vibes.app */;
			productType = "com.apple.product-type.application";
		};
		317145492D0B5D6A00CB631D /* Harmonic vibesTests */ = {
			isa = PBXNativeTarget;
			buildConfigurationList = 317145612D0B5D6A00CB631D /* Build configuration list for PBXNativeTarget "Harmonic vibesTests" */;
			buildPhases = (
				317145462D0B5D6A00CB631D /* Sources */,
				317145472D0B5D6A00CB631D /* Frameworks */,
				317145482D0B5D6A00CB631D /* Resources */,
			);
			buildRules = (
			);
			dependencies = (
				3171454C2D0B5D6A00CB631D /* PBXTargetDependency */,
			);
			fileSystemSynchronizedGroups = (
				3171454D2D0B5D6A00CB631D /* Harmonic vibesTests */,
			);
			name = "Harmonic vibesTests";
			packageProductDependencies = (
			);
			productName = "Harmonic vibesTests";
			productReference = 3171454A2D0B5D6A00CB631D /* Harmonic vibesTests.xctest */;
			productType = "com.apple.product-type.bundle.unit-test";
		};
		317145532D0B5D6A00CB631D /* Harmonic vibesUITests */ = {
			isa = PBXNativeTarget;
			buildConfigurationList = 317145642D0B5D6A00CB631D /* Build configuration list for PBXNativeTarget "Harmonic vibesUITests" */;
			buildPhases = (
				317145502D0B5D6A00CB631D /* Sources */,
				317145512D0B5D6A00CB631D /* Frameworks */,
				317145522D0B5D6A00CB631D /* Resources */,
			);
			buildRules = (
			);
			dependencies = (
				317145562D0B5D6A00CB631D /* PBXTargetDependency */,
			);
			fileSystemSynchronizedGroups = (
				317145572D0B5D6A00CB631D /* Harmonic vibesUITests */,
			);
			name = "Harmonic vibesUITests";
			packageProductDependencies = (
			);
			productName = "Harmonic vibesUITests";
			productReference = 317145542D0B5D6A00CB631D /* Harmonic vibesUITests.xctest */;
			productType = "com.apple.product-type.bundle.ui-testing";
		};
/* End PBXNativeTarget section */

/* Begin PBXProject section */
		317145322D0B5D6900CB631D /* Project object */ = {
			isa = PBXProject;
			attributes = {
				BuildIndependentTargetsInParallel = 1;
				LastSwiftUpdateCheck = 1620;
				LastUpgradeCheck = 1620;
				TargetAttributes = {
					317145392D0B5D6900CB631D = {
						CreatedOnToolsVersion = 16.2;
					};
					317145492D0B5D6A00CB631D = {
						CreatedOnToolsVersion = 16.2;
						TestTargetID = 317145392D0B5D6900CB631D;
					};
					317145532D0B5D6A00CB631D = {
						CreatedOnToolsVersion = 16.2;
						TestTargetID = 317145392D0B5D6900CB631D;
					};
				};
			};
			buildConfigurationList = 317145352D0B5D6900CB631D /* Build configuration list for PBXProject "Harmonic vibes" */;
			developmentRegion = en;
			hasScannedForEncodings = 0;
			knownRegions = (
				en,
				Base,
			);
			mainGroup = 317145312D0B5D6900CB631D;
			minimizedProjectReferenceProxies = 1;
			preferredProjectObjectVersion = 77;
			productRefGroup = 3171453B2D0B5D6900CB631D /* Products */;
			projectDirPath = "";
			projectRoot = "";
			targets = (
				317145392D0B5D6900CB631D /* Harmonic vibes */,
				317145492D0B5D6A00CB631D /* Harmonic vibesTests */,
				317145532D0B5D6A00CB631D /* Harmonic vibesUITests */,
			);
		};
/* End PBXProject section */

/* Begin PBXResourcesBuildPhase section */
		317145382D0B5D6900CB631D /* Resources */ = {
			isa = PBXResourcesBuildPhase;
			buildActionMask = 2147483647;
			files = (
			);
			runOnlyForDeploymentPostprocessing = 0;
		};
		317145482D0B5D6A00CB631D /* Resources */ = {
			isa = PBXResourcesBuildPhase;
			buildActionMask = 2147483647;
			files = (
			);
			runOnlyForDeploymentPostprocessing = 0;
		};
		317145522D0B5D6A00CB631D /* Resources */ = {
			isa = PBXResourcesBuildPhase;
			buildActionMask = 2147483647;
			files = (
			);
			runOnlyForDeploymentPostprocessing = 0;
		};
/* End PBXResourcesBuildPhase section */

/* Begin PBXSourcesBuildPhase section */
		317145362D0B5D6900CB631D /* Sources */ = {
			isa = PBXSourcesBuildPhase;
			buildActionMask = 2147483647;
			files = (
			);
			runOnlyForDeploymentPostprocessing = 0;
		};
		317145462D0B5D6A00CB631D /* Sources */ = {
			isa = PBXSourcesBuildPhase;
			buildActionMask = 2147483647;
			files = (
			);
			runOnlyForDeploymentPostprocessing = 0;
		};
		317145502D0B5D6A00CB631D /* Sources */ = {
			isa = PBXSourcesBuildPhase;
			buildActionMask = 2147483647;
			files = (
			);
			runOnlyForDeploymentPostprocessing = 0;
		};
/* End PBXSourcesBuildPhase section */

/* Begin PBXTargetDependency section */
		3171454C2D0B5D6A00CB631D /* PBXTargetDependency */ = {
			isa = PBXTargetDependency;
			target = 317145392D0B5D6900CB631D /* Harmonic vibes */;
			targetProxy = 3171454B2D0B5D6A00CB631D /* PBXContainerItemProxy */;
		};
		317145562D0B5D6A00CB631D /* PBXTargetDependency */ = {
			isa = PBXTargetDependency;
			target = 317145392D0B5D6900CB631D /* Harmonic vibes */;
			targetProxy = 317145552D0B5D6A00CB631D /* PBXContainerItemProxy */;
		};
/* End PBXTargetDependency section */

/* Begin XCBuildConfiguration section */
		3171455C2D0B5D6A00CB631D /* Debug */ = {
			isa = XCBuildConfiguration;
			buildSettings = {
				ALWAYS_SEARCH_USER_PATHS = NO;
				ASSETCATALOG_COMPILER_GENERATE_SWIFT_ASSET_SYMBOL_EXTENSIONS = YES;
				CLANG_ANALYZER_NONNULL = YES;
				CLANG_ANALYZER_NUMBER_OBJECT_CONVERSION = YES_AGGRESSIVE;
				CLANG_CXX_LANGUAGE_STANDARD = "gnu++20";
				CLANG_ENABLE_MODULES = YES;
				CLANG_ENABLE_OBJC_ARC = YES;
				CLANG_ENABLE_OBJC_WEAK = YES;
				CLANG_WARN_BLOCK_CAPTURE_AUTORELEASING = YES;
				CLANG_WARN_BOOL_CONVERSION = YES;
				CLANG_WARN_COMMA = YES;
				CLANG_WARN_CONSTANT_CONVERSION = YES;
				CLANG_WARN_DEPRECATED_OBJC_IMPLEMENTATIONS = YES;
				CLANG_WARN_DIRECT_OBJC_ISA_USAGE = YES_ERROR;
				CLANG_WARN_DOCUMENTATION_COMMENTS = YES;
				CLANG_WARN_EMPTY_BODY = YES;
				CLANG_WARN_ENUM_CONVERSION = YES;
				CLANG_WARN_INFINITE_RECURSION = YES;
				CLANG_WARN_INT_CONVERSION = YES;
				CLANG_WARN_NON_LITERAL_NULL_CONVERSION = YES;
				CLANG_WARN_OBJC_IMPLICIT_RETAIN_SELF = YES;
				CLANG_WARN_OBJC_LITERAL_CONVERSION = YES;
				CLANG_WARN_OBJC_ROOT_CLASS = YES_ERROR;
				CLANG_WARN_QUOTED_INCLUDE_IN_FRAMEWORK_HEADER = YES;
				CLANG_WARN_RANGE_LOOP_ANALYSIS = YES;
				CLANG_WARN_STRICT_PROTOTYPES = YES;
				CLANG_WARN_SUSPICIOUS_MOVE = YES;
				CLANG_WARN_UNGUARDED_AVAILABILITY = YES_AGGRESSIVE;
				CLANG_WARN_UNREACHABLE_CODE = YES;
				CLANG_WARN__DUPLICATE_METHOD_MATCH = YES;
				COPY_PHASE_STRIP = NO;
				DEBUG_INFORMATION_FORMAT = dwarf;
				ENABLE_STRICT_OBJC_MSGSEND = YES;
				ENABLE_TESTABILITY = YES;
				ENABLE_USER_SCRIPT_SANDBOXING = YES;
				GCC_C_LANGUAGE_STANDARD = gnu17;
				GCC_DYNAMIC_NO_PIC = NO;
				GCC_NO_COMMON_BLOCKS = YES;
				GCC_OPTIMIZATION_LEVEL = 0;
				GCC_PREPROCESSOR_DEFINITIONS = (
					"DEBUG=1",
					"$(inherited)",
				);
				GCC_WARN_64_TO_32_BIT_CONVERSION = YES;
				GCC_WARN_ABOUT_RETURN_TYPE = YES_ERROR;
				GCC_WARN_UNDECLARED_SELECTOR = YES;
				GCC_WARN_UNINITIALIZED_AUTOS = YES_AGGRESSIVE;
				GCC_WARN_UNUSED_FUNCTION = YES;
				GCC_WARN_UNUSED_VARIABLE = YES;
				IPHONEOS_DEPLOYMENT_TARGET = 18.2;
				LOCALIZATION_PREFERS_STRING_CATALOGS = YES;
				MTL_ENABLE_DEBUG_INFO = INCLUDE_SOURCE;
				MTL_FAST_MATH = YES;
				ONLY_ACTIVE_ARCH = YES;
				SDKROOT = iphoneos;
				SWIFT_ACTIVE_COMPILATION_CONDITIONS = "DEBUG $(inherited)";
				SWIFT_OPTIMIZATION_LEVEL = "-Onone";
			};
			name = Debug;
		};
		3171455D2D0B5D6A00CB631D /* Release */ = {
			isa = XCBuildConfiguration;
			buildSettings = {
				ALWAYS_SEARCH_USER_PATHS = NO;
				ASSETCATALOG_COMPILER_GENERATE_SWIFT_ASSET_SYMBOL_EXTENSIONS = YES;
				CLANG_ANALYZER_NONNULL = YES;
				CLANG_ANALYZER_NUMBER_OBJECT_CONVERSION = YES_AGGRESSIVE;
				CLANG_CXX_LANGUAGE_STANDARD = "gnu++20";
				CLANG_ENABLE_MODULES = YES;
				CLANG_ENABLE_OBJC_ARC = YES;
				CLANG_ENABLE_OBJC_WEAK = YES;
				CLANG_WARN_BLOCK_CAPTURE_AUTORELEASING = YES;
				CLANG_WARN_BOOL_CONVERSION = YES;
				CLANG_WARN_COMMA = YES;
				CLANG_WARN_CONSTANT_CONVERSION = YES;
				CLANG_WARN_DEPRECATED_OBJC_IMPLEMENTATIONS = YES;
				CLANG_WARN_DIRECT_OBJC_ISA_USAGE = YES_ERROR;
				CLANG_WARN_DOCUMENTATION_COMMENTS = YES;
				CLANG_WARN_EMPTY_BODY = YES;
				CLANG_WARN_ENUM_CONVERSION = YES;
				CLANG_WARN_INFINITE_RECURSION = YES;
				CLANG_WARN_INT_CONVERSION = YES;
				CLANG_WARN_NON_LITERAL_NULL_CONVERSION = YES;
				CLANG_WARN_OBJC_IMPLICIT_RETAIN_SELF = YES;
				CLANG_WARN_OBJC_LITERAL_CONVERSION = YES;
				CLANG_WARN_OBJC_ROOT_CLASS = YES_ERROR;
				CLANG_WARN_QUOTED_INCLUDE_IN_FRAMEWORK_HEADER = YES;
				CLANG_WARN_RANGE_LOOP_ANALYSIS = YES;
				CLANG_WARN_STRICT_PROTOTYPES = YES;
				CLANG_WARN_SUSPICIOUS_MOVE = YES;
				CLANG_WARN_UNGUARDED_AVAILABILITY = YES_AGGRESSIVE;
				CLANG_WARN_UNREACHABLE_CODE = YES;
				CLANG_WARN__DUPLICATE_METHOD_MATCH = YES;
				COPY_PHASE_STRIP = NO;
				DEBUG_INFORMATION_FORMAT = "dwarf-with-dsym";
				ENABLE_NS_ASSERTIONS = NO;
				ENABLE_STRICT_OBJC_MSGSEND = YES;
				ENABLE_USER_SCRIPT_SANDBOXING = YES;
				GCC_C_LANGUAGE_STANDARD = gnu17;
				GCC_NO_COMMON_BLOCKS = YES;
				GCC_WARN_64_TO_32_BIT_CONVERSION = YES;
				GCC_WARN_ABOUT_RETURN_TYPE = YES_ERROR;
				GCC_WARN_UNDECLARED_SELECTOR = YES;
				GCC_WARN_UNINITIALIZED_AUTOS = YES_AGGRESSIVE;
				GCC_WARN_UNUSED_FUNCTION = YES;
				GCC_WARN_UNUSED_VARIABLE = YES;
				IPHONEOS_DEPLOYMENT_TARGET = 18.2;
				LOCALIZATION_PREFERS_STRING_CATALOGS = YES;
				MTL_ENABLE_DEBUG_INFO = NO;
				MTL_FAST_MATH = YES;
				SDKROOT = iphoneos;
				SWIFT_COMPILATION_MODE = wholemodule;
				VALIDATE_PRODUCT = YES;
			};
			name = Release;
		};
		3171455F2D0B5D6A00CB631D /* Debug */ = {
			isa = XCBuildConfiguration;
			buildSettings = {
				ASSETCATALOG_COMPILER_APPICON_NAME = AppIcon;
				ASSETCATALOG_COMPILER_GLOBAL_ACCENT_COLOR_NAME = AccentColor;
				CODE_SIGN_STYLE = Automatic;
				CURRENT_PROJECT_VERSION = 1;
				DEVELOPMENT_ASSET_PATHS = "\"Harmonic vibes/Preview Content\"";
				DEVELOPMENT_TEAM = 3JKX9XHZM4;
				ENABLE_PREVIEWS = YES;
				GENERATE_INFOPLIST_FILE = YES;
				INFOPLIST_KEY_LSApplicationCategoryType = "public.app-category.music";
				INFOPLIST_KEY_UIApplicationSceneManifest_Generation = YES;
				INFOPLIST_KEY_UIApplicationSupportsIndirectInputEvents = YES;
				INFOPLIST_KEY_UILaunchScreen_Generation = YES;
				INFOPLIST_KEY_UISupportedInterfaceOrientations_iPad = "UIInterfaceOrientationPortrait UIInterfaceOrientationPortraitUpsideDown UIInterfaceOrientationLandscapeLeft UIInterfaceOrientationLandscapeRight";
				INFOPLIST_KEY_UISupportedInterfaceOrientations_iPhone = "UIInterfaceOrientationPortrait UIInterfaceOrientationLandscapeLeft UIInterfaceOrientationLandscapeRight";
				LD_RUNPATH_SEARCH_PATHS = (
					"$(inherited)",
					"@executable_path/Frameworks",
				);
				MARKETING_VERSION = 1.0;
				PRODUCT_BUNDLE_IDENTIFIER = "com.harmonicvibes.Harmonic-vibes";
				PRODUCT_NAME = "$(TARGET_NAME)";
				SWIFT_EMIT_LOC_STRINGS = YES;
				SWIFT_VERSION = 5.0;
				TARGETED_DEVICE_FAMILY = "1,2";
			};
			name = Debug;
		};
		317145602D0B5D6A00CB631D /* Release */ = {
			isa = XCBuildConfiguration;
			buildSettings = {
				ASSETCATALOG_COMPILER_APPICON_NAME = AppIcon;
				ASSETCATALOG_COMPILER_GLOBAL_ACCENT_COLOR_NAME = AccentColor;
				CODE_SIGN_IDENTITY = "Apple Development";
				CODE_SIGN_STYLE = Automatic;
				CURRENT_PROJECT_VERSION = 1;
				DEVELOPMENT_ASSET_PATHS = "\"Harmonic vibes/Preview Content\"";
				DEVELOPMENT_TEAM = 3JKX9XHZM4;
				ENABLE_PREVIEWS = YES;
				GENERATE_INFOPLIST_FILE = YES;
				INFOPLIST_KEY_LSApplicationCategoryType = "public.app-category.music";
				INFOPLIST_KEY_UIApplicationSceneManifest_Generation = YES;
				INFOPLIST_KEY_UIApplicationSupportsIndirectInputEvents = YES;
				INFOPLIST_KEY_UILaunchScreen_Generation = YES;
				INFOPLIST_KEY_UISupportedInterfaceOrientations_iPad = "UIInterfaceOrientationPortrait UIInterfaceOrientationPortraitUpsideDown UIInterfaceOrientationLandscapeLeft UIInterfaceOrientationLandscapeRight";
				INFOPLIST_KEY_UISupportedInterfaceOrientations_iPhone = "UIInterfaceOrientationPortrait UIInterfaceOrientationLandscapeLeft UIInterfaceOrientationLandscapeRight";
				LD_RUNPATH_SEARCH_PATHS = (
					"$(inherited)",
					"@executable_path/Frameworks",
				);
				MARKETING_VERSION = 1.0;
				PRODUCT_BUNDLE_IDENTIFIER = "com.harmonicvibes.Harmonic-vibes";
				PRODUCT_NAME = "$(TARGET_NAME)";
				PROVISIONING_PROFILE_SPECIFIER = "";
				SWIFT_EMIT_LOC_STRINGS = YES;
				SWIFT_VERSION = 5.0;
				TARGETED_DEVICE_FAMILY = "1,2";
			};
			name = Release;
		};
		317145622D0B5D6A00CB631D /* Debug */ = {
			isa = XCBuildConfiguration;
			buildSettings = {
				BUNDLE_LOADER = "$(TEST_HOST)";
				CODE_SIGN_STYLE = Automatic;
				CURRENT_PROJECT_VERSION = 1;
				DEVELOPMENT_TEAM = Y3BP3HLTS9;
				GENERATE_INFOPLIST_FILE = YES;
				IPHONEOS_DEPLOYMENT_TARGET = 18.2;
				MARKETING_VERSION = 1.0;
				PRODUCT_BUNDLE_IDENTIFIER = "com.harmonicvibes.Harmonic-vibesTests";
				PRODUCT_NAME = "$(TARGET_NAME)";
				SWIFT_EMIT_LOC_STRINGS = NO;
				SWIFT_VERSION = 5.0;
				TARGETED_DEVICE_FAMILY = "1,2";
				TEST_HOST = "$(BUILT_PRODUCTS_DIR)/Harmonic vibes.app/$(BUNDLE_EXECUTABLE_FOLDER_PATH)/Harmonic vibes";
			};
			name = Debug;
		};
		317145632D0B5D6A00CB631D /* Release */ = {
			isa = XCBuildConfiguration;
			buildSettings = {
				BUNDLE_LOADER = "$(TEST_HOST)";
				CODE_SIGN_STYLE = Automatic;
				CURRENT_PROJECT_VERSION = 1;
				DEVELOPMENT_TEAM = Y3BP3HLTS9;
				GENERATE_INFOPLIST_FILE = YES;
				IPHONEOS_DEPLOYMENT_TARGET = 18.2;
				MARKETING_VERSION = 1.0;
				PRODUCT_BUNDLE_IDENTIFIER = "com.harmonicvibes.Harmonic-vibesTests";
				PRODUCT_NAME = "$(TARGET_NAME)";
				SWIFT_EMIT_LOC_STRINGS = NO;
				SWIFT_VERSION = 5.0;
				TARGETED_DEVICE_FAMILY = "1,2";
				TEST_HOST = "$(BUILT_PRODUCTS_DIR)/Harmonic vibes.app/$(BUNDLE_EXECUTABLE_FOLDER_PATH)/Harmonic vibes";
			};
			name = Release;
		};
		317145652D0B5D6A00CB631D /* Debug */ = {
			isa = XCBuildConfiguration;
			buildSettings = {
				CODE_SIGN_STYLE = Automatic;
				CURRENT_PROJECT_VERSION = 1;
				DEVELOPMENT_TEAM = Y3BP3HLTS9;
				GENERATE_INFOPLIST_FILE = YES;
				MARKETING_VERSION = 1.0;
				PRODUCT_BUNDLE_IDENTIFIER = "com.harmonicvibes.Harmonic-vibesUITests";
				PRODUCT_NAME = "$(TARGET_NAME)";
				SWIFT_EMIT_LOC_STRINGS = NO;
				SWIFT_VERSION = 5.0;
				TARGETED_DEVICE_FAMILY = "1,2";
				TEST_TARGET_NAME = "Harmonic vibes";
			};
			name = Debug;
		};
		317145662D0B5D6A00CB631D /* Release */ = {
			isa = XCBuildConfiguration;
			buildSettings = {
				CODE_SIGN_STYLE = Automatic;
				CURRENT_PROJECT_VERSION = 1;
				DEVELOPMENT_TEAM = Y3BP3HLTS9;
				GENERATE_INFOPLIST_FILE = YES;
				MARKETING_VERSION = 1.0;
				PRODUCT_BUNDLE_IDENTIFIER = "com.harmonicvibes.Harmonic-vibesUITests";
				PRODUCT_NAME = "$(TARGET_NAME)";
				SWIFT_EMIT_LOC_STRINGS = NO;
				SWIFT_VERSION = 5.0;
				TARGETED_DEVICE_FAMILY = "1,2";
				TEST_TARGET_NAME = "Harmonic vibes";
			};
			name = Release;
		};
/* End XCBuildConfiguration section */

/* Begin XCConfigurationList section */
		317145352D0B5D6900CB631D /* Build configuration list for PBXProject "Harmonic vibes" */ = {
			isa = XCConfigurationList;
			buildConfigurations = (
				3171455C2D0B5D6A00CB631D /* Debug */,
				3171455D2D0B5D6A00CB631D /* Release */,
			);
			defaultConfigurationIsVisible = 0;
			defaultConfigurationName = Release;
		};
		3171455E2D0B5D6A00CB631D /* Build configuration list for PBXNativeTarget "Harmonic vibes" */ = {
			isa = XCConfigurationList;
			buildConfigurations = (
				3171455F2D0B5D6A00CB631D /* Debug */,
				317145602D0B5D6A00CB631D /* Release */,
			);
			defaultConfigurationIsVisible = 0;
			defaultConfigurationName = Release;
		};
		317145612D0B5D6A00CB631D /* Build configuration list for PBXNativeTarget "Harmonic vibesTests" */ = {
			isa = XCConfigurationList;
			buildConfigurations = (
				317145622D0B5D6A00CB631D /* Debug */,
				317145632D0B5D6A00CB631D /* Release */,
			);
			defaultConfigurationIsVisible = 0;
			defaultConfigurationName = Release;
		};
		317145642D0B5D6A00CB631D /* Build configuration list for PBXNativeTarget "Harmonic vibesUITests" */ = {
			isa = XCConfigurationList;
			buildConfigurations = (
				317145652D0B5D6A00CB631D /* Debug */,
				317145662D0B5D6A00CB631D /* Release */,
			);
			defaultConfigurationIsVisible = 0;
			defaultConfigurationName = Release;
		};
/* End XCConfigurationList section */
	};
	rootObject = 317145322D0B5D6900CB631D /* Project object */;
}
